// !$*UTF8*$!
{
	archiveVersion = 1;
	classes = {
	};
	objectVersion = 48;
	objects = {

/* Begin PBXBuildFile section */
		308FF002206CDBF200465092 /* AppDelegate.m in Sources */ = {isa = PBXBuildFile; fileRef = 308FF001206CDBF200465092 /* AppDelegate.m */; };
		308FF005206CDBF200465092 /* ViewController.m in Sources */ = {isa = PBXBuildFile; fileRef = 308FF004206CDBF200465092 /* ViewController.m */; };
		308FF008206CDBF200465092 /* Main.storyboard in Resources */ = {isa = PBXBuildFile; fileRef = 308FF006206CDBF200465092 /* Main.storyboard */; };
		308FF00A206CDBF200465092 /* Assets.xcassets in Resources */ = {isa = PBXBuildFile; fileRef = 308FF009206CDBF200465092 /* Assets.xcassets */; };
		308FF00D206CDBF200465092 /* LaunchScreen.storyboard in Resources */ = {isa = PBXBuildFile; fileRef = 308FF00B206CDBF200465092 /* LaunchScreen.storyboard */; };
		308FF010206CDBF200465092 /* main.m in Sources */ = {isa = PBXBuildFile; fileRef = 308FF00F206CDBF200465092 /* main.m */; };
		308FF01D206CE2A200465092 /* FMDBManager.m in Sources */ = {isa = PBXBuildFile; fileRef = 308FF01C206CE2A200465092 /* FMDBManager.m */; };
		308FF020206CF08100465092 /* Student.m in Sources */ = {isa = PBXBuildFile; fileRef = 308FF01F206CF08100465092 /* Student.m */; };
		610616794B8C0962C570A797 /* libPods-FMDB 使用.a in Frameworks */ = {isa = PBXBuildFile; fileRef = E31DD41FED5C5DCF2456F750 /* libPods-FMDB 使用.a */; };
/* End PBXBuildFile section */

/* Begin PBXFileReference section */
		28F5CE9F3B36BD6C20BA770F /* Pods-FMDB 使用.debug.xcconfig */ = {isa = PBXFileReference; includeInIndex = 1; lastKnownFileType = text.xcconfig; name = "Pods-FMDB 使用.debug.xcconfig"; path = "Pods/Target Support Files/Pods-FMDB 使用/Pods-FMDB 使用.debug.xcconfig"; sourceTree = "<group>"; };
		308FEFFD206CDBF200465092 /* FMDB 使用.app */ = {isa = PBXFileReference; explicitFileType = wrapper.application; includeInIndex = 0; path = "FMDB 使用.app"; sourceTree = BUILT_PRODUCTS_DIR; };
		308FF000206CDBF200465092 /* AppDelegate.h */ = {isa = PBXFileReference; lastKnownFileType = sourcecode.c.h; path = AppDelegate.h; sourceTree = "<group>"; };
		308FF001206CDBF200465092 /* AppDelegate.m */ = {isa = PBXFileReference; lastKnownFileType = sourcecode.c.objc; path = AppDelegate.m; sourceTree = "<group>"; };
		308FF003206CDBF200465092 /* ViewController.h */ = {isa = PBXFileReference; lastKnownFileType = sourcecode.c.h; path = ViewController.h; sourceTree = "<group>"; };
		308FF004206CDBF200465092 /* ViewController.m */ = {isa = PBXFileReference; lastKnownFileType = sourcecode.c.objc; path = ViewController.m; sourceTree = "<group>"; };
		308FF007206CDBF200465092 /* Base */ = {isa = PBXFileReference; lastKnownFileType = file.storyboard; name = Base; path = Base.lproj/Main.storyboard; sourceTree = "<group>"; };
		308FF009206CDBF200465092 /* Assets.xcassets */ = {isa = PBXFileReference; lastKnownFileType = folder.assetcatalog; path = Assets.xcassets; sourceTree = "<group>"; };
		308FF00C206CDBF200465092 /* Base */ = {isa = PBXFileReference; lastKnownFileType = file.storyboard; name = Base; path = Base.lproj/LaunchScreen.storyboard; sourceTree = "<group>"; };
		308FF00E206CDBF200465092 /* Info.plist */ = {isa = PBXFileReference; lastKnownFileType = text.plist.xml; path = Info.plist; sourceTree = "<group>"; };
		308FF00F206CDBF200465092 /* main.m */ = {isa = PBXFileReference; lastKnownFileType = sourcecode.c.objc; path = main.m; sourceTree = "<group>"; };
		308FF016206CDD5A00465092 /* libsqlite3.tbd */ = {isa = PBXFileReference; lastKnownFileType = "sourcecode.text-based-dylib-definition"; name = libsqlite3.tbd; path = usr/lib/libsqlite3.tbd; sourceTree = SDKROOT; };
		308FF01B206CE2A200465092 /* FMDBManager.h */ = {isa = PBXFileReference; lastKnownFileType = sourcecode.c.h; path = FMDBManager.h; sourceTree = "<group>"; };
		308FF01C206CE2A200465092 /* FMDBManager.m */ = {isa = PBXFileReference; lastKnownFileType = sourcecode.c.objc; path = FMDBManager.m; sourceTree = "<group>"; };
		308FF01E206CF08100465092 /* Student.h */ = {isa = PBXFileReference; lastKnownFileType = sourcecode.c.h; path = Student.h; sourceTree = "<group>"; };
		308FF01F206CF08100465092 /* Student.m */ = {isa = PBXFileReference; lastKnownFileType = sourcecode.c.objc; path = Student.m; sourceTree = "<group>"; };
		53F2A486FDA6D5D15DBA24E0 /* Pods-FMDB 使用.release.xcconfig */ = {isa = PBXFileReference; includeInIndex = 1; lastKnownFileType = text.xcconfig; name = "Pods-FMDB 使用.release.xcconfig"; path = "Pods/Target Support Files/Pods-FMDB 使用/Pods-FMDB 使用.release.xcconfig"; sourceTree = "<group>"; };
		E31DD41FED5C5DCF2456F750 /* libPods-FMDB 使用.a */ = {isa = PBXFileReference; explicitFileType = archive.ar; includeInIndex = 0; path = "libPods-FMDB 使用.a"; sourceTree = BUILT_PRODUCTS_DIR; };
/* End PBXFileReference section */

/* Begin PBXFrameworksBuildPhase section */
		308FEFFA206CDBF200465092 /* Frameworks */ = {
			isa = PBXFrameworksBuildPhase;
			buildActionMask = 2147483647;
			files = (
				610616794B8C0962C570A797 /* libPods-FMDB 使用.a in Frameworks */,
			);
			runOnlyForDeploymentPostprocessing = 0;
		};
/* End PBXFrameworksBuildPhase section */

/* Begin PBXGroup section */
		230A68E8B82CB80AA3EC4FFE /* Frameworks */ = {
			isa = PBXGroup;
			children = (
				308FF016206CDD5A00465092 /* libsqlite3.tbd */,
				E31DD41FED5C5DCF2456F750 /* libPods-FMDB 使用.a */,
			);
			name = Frameworks;
			sourceTree = "<group>";
		};
		308FEFF4206CDBF200465092 = {
			isa = PBXGroup;
			children = (
				308FEFFF206CDBF200465092 /* FMDB 使用 */,
				308FEFFE206CDBF200465092 /* Products */,
				6C9607A9650DFEAAF3CF9343 /* Pods */,
				230A68E8B82CB80AA3EC4FFE /* Frameworks */,
			);
			sourceTree = "<group>";
		};
		308FEFFE206CDBF200465092 /* Products */ = {
			isa = PBXGroup;
			children = (
				308FEFFD206CDBF200465092 /* FMDB 使用.app */,
			);
			name = Products;
			sourceTree = "<group>";
		};
		308FEFFF206CDBF200465092 /* FMDB 使用 */ = {
			isa = PBXGroup;
			children = (
				308FF000206CDBF200465092 /* AppDelegate.h */,
				308FF001206CDBF200465092 /* AppDelegate.m */,
				308FF003206CDBF200465092 /* ViewController.h */,
				308FF004206CDBF200465092 /* ViewController.m */,
				308FF01E206CF08100465092 /* Student.h */,
				308FF01F206CF08100465092 /* Student.m */,
				308FF01B206CE2A200465092 /* FMDBManager.h */,
				308FF01C206CE2A200465092 /* FMDBManager.m */,
				308FF006206CDBF200465092 /* Main.storyboard */,
				308FF009206CDBF200465092 /* Assets.xcassets */,
				308FF00B206CDBF200465092 /* LaunchScreen.storyboard */,
				308FF00E206CDBF200465092 /* Info.plist */,
				308FF00F206CDBF200465092 /* main.m */,
			);
			path = "FMDB 使用";
			sourceTree = "<group>";
		};
		6C9607A9650DFEAAF3CF9343 /* Pods */ = {
			isa = PBXGroup;
			children = (
				28F5CE9F3B36BD6C20BA770F /* Pods-FMDB 使用.debug.xcconfig */,
				53F2A486FDA6D5D15DBA24E0 /* Pods-FMDB 使用.release.xcconfig */,
			);
			name = Pods;
			sourceTree = "<group>";
		};
/* End PBXGroup section */

/* Begin PBXNativeTarget section */
		308FEFFC206CDBF200465092 /* FMDB 使用 */ = {
			isa = PBXNativeTarget;
			buildConfigurationList = 308FF013206CDBF200465092 /* Build configuration list for PBXNativeTarget "FMDB 使用" */;
			buildPhases = (
				82DD9B7BCB858114D9812F05 /* [CP] Check Pods Manifest.lock */,
				308FEFF9206CDBF200465092 /* Sources */,
				308FEFFA206CDBF200465092 /* Frameworks */,
				308FEFFB206CDBF200465092 /* Resources */,
				CCE4BFF288BE446CDA01251D /* [CP] Embed Pods Frameworks */,
				869E787326B5C5B967E63F16 /* [CP] Copy Pods Resources */,
			);
			buildRules = (
			);
			dependencies = (
			);
			name = "FMDB 使用";
			productName = "FMDB 使用";
			productReference = 308FEFFD206CDBF200465092 /* FMDB 使用.app */;
			productType = "com.apple.product-type.application";
		};
/* End PBXNativeTarget section */

/* Begin PBXProject section */
		308FEFF5206CDBF200465092 /* Project object */ = {
			isa = PBXProject;
			attributes = {
				LastUpgradeCheck = 0920;
				ORGANIZATIONNAME = Closer;
				TargetAttributes = {
					308FEFFC206CDBF200465092 = {
						CreatedOnToolsVersion = 9.2;
						ProvisioningStyle = Automatic;
					};
				};
			};
			buildConfigurationList = 308FEFF8206CDBF200465092 /* Build configuration list for PBXProject "FMDB 使用" */;
			compatibilityVersion = "Xcode 8.0";
			developmentRegion = en;
			hasScannedForEncodings = 0;
			knownRegions = (
				en,
				Base,
			);
			mainGroup = 308FEFF4206CDBF200465092;
			productRefGroup = 308FEFFE206CDBF200465092 /* Products */;
			projectDirPath = "";
			projectRoot = "";
			targets = (
				308FEFFC206CDBF200465092 /* FMDB 使用 */,
			);
		};
/* End PBXProject section */

/* Begin PBXResourcesBuildPhase section */
		308FEFFB206CDBF200465092 /* Resources */ = {
			isa = PBXResourcesBuildPhase;
			buildActionMask = 2147483647;
			files = (
				308FF00D206CDBF200465092 /* LaunchScreen.storyboard in Resources */,
				308FF00A206CDBF200465092 /* Assets.xcassets in Resources */,
				308FF008206CDBF200465092 /* Main.storyboard in Resources */,
			);
			runOnlyForDeploymentPostprocessing = 0;
		};
/* End PBXResourcesBuildPhase section */

/* Begin PBXShellScriptBuildPhase section */
		82DD9B7BCB858114D9812F05 /* [CP] Check Pods Manifest.lock */ = {
			isa = PBXShellScriptBuildPhase;
			buildActionMask = 2147483647;
			files = (
			);
			inputPaths = (
				"${PODS_PODFILE_DIR_PATH}/Podfile.lock",
				"${PODS_ROOT}/Manifest.lock",
			);
			name = "[CP] Check Pods Manifest.lock";
			outputPaths = (
				"$(DERIVED_FILE_DIR)/Pods-FMDB 使用-checkManifestLockResult.txt",
			);
			runOnlyForDeploymentPostprocessing = 0;
			shellPath = /bin/sh;
			shellScript = "diff \"${PODS_PODFILE_DIR_PATH}/Podfile.lock\" \"${PODS_ROOT}/Manifest.lock\" > /dev/null\nif [ $? != 0 ] ; then\n    # print error to STDERR\n    echo \"error: The sandbox is not in sync with the Podfile.lock. Run 'pod install' or update your CocoaPods installation.\" >&2\n    exit 1\nfi\n# This output is used by Xcode 'outputs' to avoid re-running this script phase.\necho \"SUCCESS\" > \"${SCRIPT_OUTPUT_FILE_0}\"\n";
			showEnvVarsInLog = 0;
		};
		869E787326B5C5B967E63F16 /* [CP] Copy Pods Resources */ = {
			isa = PBXShellScriptBuildPhase;
			buildActionMask = 2147483647;
			files = (
			);
			inputPaths = (
			);
			name = "[CP] Copy Pods Resources";
			outputPaths = (
			);
			runOnlyForDeploymentPostprocessing = 0;
			shellPath = /bin/sh;
			shellScript = "\"${SRCROOT}/Pods/Target Support Files/Pods-FMDB 使用/Pods-FMDB 使用-resources.sh\"\n";
			showEnvVarsInLog = 0;
		};
		CCE4BFF288BE446CDA01251D /* [CP] Embed Pods Frameworks */ = {
			isa = PBXShellScriptBuildPhase;
			buildActionMask = 2147483647;
			files = (
			);
			inputPaths = (
			);
			name = "[CP] Embed Pods Frameworks";
			outputPaths = (
			);
			runOnlyForDeploymentPostprocessing = 0;
			shellPath = /bin/sh;
			shellScript = "\"${SRCROOT}/Pods/Target Support Files/Pods-FMDB 使用/Pods-FMDB 使用-frameworks.sh\"\n";
			showEnvVarsInLog = 0;
		};
/* End PBXShellScriptBuildPhase section */

/* Begin PBXSourcesBuildPhase section */
		308FEFF9206CDBF200465092 /* Sources */ = {
			isa = PBXSourcesBuildPhase;
			buildActionMask = 2147483647;
			files = (
				308FF01D206CE2A200465092 /* FMDBManager.m in Sources */,
				308FF005206CDBF200465092 /* ViewController.m in Sources */,
				308FF020206CF08100465092 /* Student.m in Sources */,
				308FF010206CDBF200465092 /* main.m in Sources */,
				308FF002206CDBF200465092 /* AppDelegate.m in Sources */,
			);
			runOnlyForDeploymentPostprocessing = 0;
		};
/* End PBXSourcesBuildPhase section */

/* Begin PBXVariantGroup section */
		308FF006206CDBF200465092 /* Main.storyboard */ = {
			isa = PBXVariantGroup;
			children = (
				308FF007206CDBF200465092 /* Base */,
			);
			name = Main.storyboard;
			sourceTree = "<group>";
		};
		308FF00B206CDBF200465092 /* LaunchScreen.storyboard */ = {
			isa = PBXVariantGroup;
			children = (
				308FF00C206CDBF200465092 /* Base */,
			);
			name = LaunchScreen.storyboard;
			sourceTree = "<group>";
		};
/* End PBXVariantGroup section */

/* Begin XCBuildConfiguration section */
		308FF011206CDBF200465092 /* Debug */ = {
			isa = XCBuildConfiguration;
			buildSettings = {
				ALWAYS_SEARCH_USER_PATHS = NO;
				CLANG_ANALYZER_NONNULL = YES;
				CLANG_ANALYZER_NUMBER_OBJECT_CONVERSION = YES_AGGRESSIVE;
				CLANG_CXX_LANGUAGE_STANDARD = "gnu++14";
				CLANG_CXX_LIBRARY = "libc++";
				CLANG_ENABLE_MODULES = YES;
				CLANG_ENABLE_OBJC_ARC = YES;
				CLANG_WARN_BLOCK_CAPTURE_AUTORELEASING = YES;
				CLANG_WARN_BOOL_CONVERSION = YES;
				CLANG_WARN_COMMA = YES;
				CLANG_WARN_CONSTANT_CONVERSION = YES;
				CLANG_WARN_DIRECT_OBJC_ISA_USAGE = YES_ERROR;
				CLANG_WARN_DOCUMENTATION_COMMENTS = YES;
				CLANG_WARN_EMPTY_BODY = YES;
				CLANG_WARN_ENUM_CONVERSION = YES;
				CLANG_WARN_INFINITE_RECURSION = YES;
				CLANG_WARN_INT_CONVERSION = YES;
				CLANG_WARN_NON_LITERAL_NULL_CONVERSION = YES;
				CLANG_WARN_OBJC_LITERAL_CONVERSION = YES;
				CLANG_WARN_OBJC_ROOT_CLASS = YES_ERROR;
				CLANG_WARN_RANGE_LOOP_ANALYSIS = YES;
				CLANG_WARN_STRICT_PROTOTYPES = YES;
				CLANG_WARN_SUSPICIOUS_MOVE = YES;
				CLANG_WARN_UNGUARDED_AVAILABILITY = YES_AGGRESSIVE;
				CLANG_WARN_UNREACHABLE_CODE = YES;
				CLANG_WARN__DUPLICATE_METHOD_MATCH = YES;
				CODE_SIGN_IDENTITY = "iPhone Developer";
				COPY_PHASE_STRIP = NO;
				DEBUG_INFORMATION_FORMAT = dwarf;
				ENABLE_STRICT_OBJC_MSGSEND = YES;
				ENABLE_TESTABILITY = YES;
				GCC_C_LANGUAGE_STANDARD = gnu11;
				GCC_DYNAMIC_NO_PIC = NO;
				GCC_NO_COMMON_BLOCKS = YES;
				GCC_OPTIMIZATION_LEVEL = 0;
				GCC_PREPROCESSOR_DEFINITIONS = (
					"DEBUG=1",
					"$(inherited)",
				);
				GCC_WARN_64_TO_32_BIT_CONVERSION = YES;
				GCC_WARN_ABOUT_RETURN_TYPE = YES_ERROR;
				GCC_WARN_UNDECLARED_SELECTOR = YES;
				GCC_WARN_UNINITIALIZED_AUTOS = YES_AGGRESSIVE;
				GCC_WARN_UNUSED_FUNCTION = YES;
				GCC_WARN_UNUSED_VARIABLE = YES;
				IPHONEOS_DEPLOYMENT_TARGET = 11.2;
				MTL_ENABLE_DEBUG_INFO = YES;
				ONLY_ACTIVE_ARCH = YES;
				SDKROOT = iphoneos;
			};
			name = Debug;
		};
		308FF012206CDBF200465092 /* Release */ = {
			isa = XCBuildConfiguration;
			buildSettings = {
				ALWAYS_SEARCH_USER_PATHS = NO;
				CLANG_ANALYZER_NONNULL = YES;
				CLANG_ANALYZER_NUMBER_OBJECT_CONVERSION = YES_AGGRESSIVE;
				CLANG_CXX_LANGUAGE_STANDARD = "gnu++14";
				CLANG_CXX_LIBRARY = "libc++";
				CLANG_ENABLE_MODULES = YES;
				CLANG_ENABLE_OBJC_ARC = YES;
				CLANG_WARN_BLOCK_CAPTURE_AUTORELEASING = YES;
				CLANG_WARN_BOOL_CONVERSION = YES;
				CLANG_WARN_COMMA = YES;
				CLANG_WARN_CONSTANT_CONVERSION = YES;
				CLANG_WARN_DIRECT_OBJC_ISA_USAGE = YES_ERROR;
				CLANG_WARN_DOCUMENTATION_COMMENTS = YES;
				CLANG_WARN_EMPTY_BODY = YES;
				CLANG_WARN_ENUM_CONVERSION = YES;
				CLANG_WARN_INFINITE_RECURSION = YES;
				CLANG_WARN_INT_CONVERSION = YES;
				CLANG_WARN_NON_LITERAL_NULL_CONVERSION = YES;
				CLANG_WARN_OBJC_LITERAL_CONVERSION = YES;
				CLANG_WARN_OBJC_ROOT_CLASS = YES_ERROR;
				CLANG_WARN_RANGE_LOOP_ANALYSIS = YES;
				CLANG_WARN_STRICT_PROTOTYPES = YES;
				CLANG_WARN_SUSPICIOUS_MOVE = YES;
				CLANG_WARN_UNGUARDED_AVAILABILITY = YES_AGGRESSIVE;
				CLANG_WARN_UNREACHABLE_CODE = YES;
				CLANG_WARN__DUPLICATE_METHOD_MATCH = YES;
				CODE_SIGN_IDENTITY = "iPhone Developer";
				COPY_PHASE_STRIP = NO;
				DEBUG_INFORMATION_FORMAT = "dwarf-with-dsym";
				ENABLE_NS_ASSERTIONS = NO;
				ENABLE_STRICT_OBJC_MSGSEND = YES;
				GCC_C_LANGUAGE_STANDARD = gnu11;
				GCC_NO_COMMON_BLOCKS = YES;
				GCC_WARN_64_TO_32_BIT_CONVERSION = YES;
				GCC_WARN_ABOUT_RETURN_TYPE = YES_ERROR;
				GCC_WARN_UNDECLARED_SELECTOR = YES;
				GCC_WARN_UNINITIALIZED_AUTOS = YES_AGGRESSIVE;
				GCC_WARN_UNUSED_FUNCTION = YES;
				GCC_WARN_UNUSED_VARIABLE = YES;
				IPHONEOS_DEPLOYMENT_TARGET = 11.2;
				MTL_ENABLE_DEBUG_INFO = NO;
				SDKROOT = iphoneos;
				VALIDATE_PRODUCT = YES;
			};
			name = Release;
		};
		308FF014206CDBF200465092 /* Debug */ = {
			isa = XCBuildConfiguration;
			baseConfigurationReference = 28F5CE9F3B36BD6C20BA770F /* Pods-FMDB 使用.debug.xcconfig */;
			buildSettings = {
				ASSETCATALOG_COMPILER_APPICON_NAME = AppIcon;
				CODE_SIGN_STYLE = Automatic;
				DEVELOPMENT_TEAM = FWB8K4P328;
				INFOPLIST_FILE = "FMDB 使用/Info.plist";
				LD_RUNPATH_SEARCH_PATHS = "$(inherited) @executable_path/Frameworks";
				PRODUCT_BUNDLE_IDENTIFIER = "com.Closer.FMDB---";
				PRODUCT_NAME = "$(TARGET_NAME)";
				TARGETED_DEVICE_FAMILY = "1,2";
			};
			name = Debug;
		};
		308FF015206CDBF200465092 /* Release */ = {
			isa = XCBuildConfiguration;
			baseConfigurationReference = 53F2A486FDA6D5D15DBA24E0 /* Pods-FMDB 使用.release.xcconfig */;
			buildSettings = {
				ASSETCATALOG_COMPILER_APPICON_NAME = AppIcon;
				CODE_SIGN_STYLE = Automatic;
				DEVELOPMENT_TEAM = FWB8K4P328;
				INFOPLIST_FILE = "FMDB 使用/Info.plist";
				LD_RUNPATH_SEARCH_PATHS = "$(inherited) @executable_path/Frameworks";
				PRODUCT_BUNDLE_IDENTIFIER = "com.Closer.FMDB---";
				PRODUCT_NAME = "$(TARGET_NAME)";
				TARGETED_DEVICE_FAMILY = "1,2";
			};
			name = Release;
		};
/* End XCBuildConfiguration section */

/* Begin XCConfigurationList section */
		308FEFF8206CDBF200465092 /* Build configuration list for PBXProject "FMDB 使用" */ = {
			isa = XCConfigurationList;
			buildConfigurations = (
				308FF011206CDBF200465092 /* Debug */,
				308FF012206CDBF200465092 /* Release */,
			);
			defaultConfigurationIsVisible = 0;
			defaultConfigurationName = Release;
		};
		308FF013206CDBF200465092 /* Build configuration list for PBXNativeTarget "FMDB 使用" */ = {
			isa = XCConfigurationList;
			buildConfigurations = (
				308FF014206CDBF200465092 /* Debug */,
				308FF015206CDBF200465092 /* Release */,
			);
			defaultConfigurationIsVisible = 0;
			defaultConfigurationName = Release;
		};
/* End XCConfigurationList section */
	};
	rootObject = 308FEFF5206CDBF200465092 /* Project object */;
}
